
Microsoft Visual Studio Solution File, Format Version 12.00
# Visual Studio Version 17
VisualStudioVersion = 17.9.34607.119
MinimumVisualStudioVersion = 10.0.40219.1
Project("{FAE04EC0-301F-11D3-BF4B-00C04F79EFBC}") = "PacMan", "PacMan\PacMan.csproj", "{BF8C8EFB-1B3C-4B3D-B810-11E7C044B843}"
EndProject
Global
	GlobalSection(SolutionConfigurationPlatforms) = preSolution
		Debug|Any CPU = Debug|Any CPU
		Release|Any CPU = Release|Any CPU
	EndGlobalSection
	GlobalSection(ProjectConfigurationPlatforms) = postSolution
		{BF8C8EFB-1B3C-4B3D-B810-11E7C044B843}.Debug|Any CPU.ActiveCfg = Debug|Any CPU
		{BF8C8EFB-1B3C-4B3D-B810-11E7C044B843}.Debug|Any CPU.Build.0 = Debug|Any CPU
		{BF8C8EFB-1B3C-4B3D-B810-11E7C044B843}.Release|Any CPU.ActiveCfg = Release|Any CPU
		{BF8C8EFB-1B3C-4B3D-B810-11E7C044B843}.Release|Any CPU.Build.0 = Release|Any CPU
	EndGlobalSection
	GlobalSection(SolutionProperties) = preSolution
		HideSolutionNode = FALSE
	EndGlobalSection
	GlobalSection(ExtensibilityGlobals) = postSolution
		SolutionGuid = {93A2232A-DF54-411E-A633-68643DB8649A}
	EndGlobalSection
EndGlobal
